<?xml version="1.0" encoding="utf-8"?>
<Project ToolsVersion="4.0" xmlns="http://schemas.microsoft.com/developer/msbuild/2003">
  <ItemGroup>
    <ClCompile Include="CGDK.asio.simple_chatting_echo_server.cpp" />
    <ClCompile Include="group_chatting.cpp" />
    <ClCompile Include="socket_tcp.cpp" />
    <ClCompile Include="pch.cpp" />
  </ItemGroup>
  <ItemGroup>
    <ClInclude Include="group_chatting.h" />
    <ClInclude Include="socket_tcp.h" />
    <ClInclude Include="pch.h" />
    <ClInclude Include="..\definitions_message.h">
      <Filter>common</Filter>
    </ClInclude>
  </ItemGroup>
  <ItemGroup>
    <Filter Include="common">
      <UniqueIdentifier>{ca4d227c-9e42-4b51-9471-630817d3ee52}</UniqueIdentifier>
    </Filter>
  </ItemGroup>
  <ItemGroup>
    <None Include="vcpkg.json" />
  </ItemGroup>
</Project>